<?xml version="1.0" encoding="utf-8"?>
<Project ToolsVersion="4.0" xmlns="http://schemas.microsoft.com/developer/msbuild/2003">
  <ItemGroup>
    <Filter Include="Main">
      <UniqueIdentifier>{e7aecbd0-2929-4f21-9c30-541941062be9}</UniqueIdentifier>
    </Filter>
    <Filter Include="PrecompiledHeaders">
      <UniqueIdentifier>{111ba6b3-224b-4774-b7e4-5d2eb927b8ca}</UniqueIdentifier>
    </Filter>
  </ItemGroup>
  <ItemGroup>
    <ClCompile Include="Main\Main.cpp">
      <Filter>Main</Filter>
    </ClCompile>
    <ClCompile Include="PrecompiledHeaders\Pch.cpp">
      <Filter>PrecompiledHeaders</Filter>
    </ClCompile>
  </ItemGroup>
  <ItemGroup>
    <ClInclude Include="PrecompiledHeaders\Pch.h">
      <Filter>PrecompiledHeaders</Filter>
    </ClInclude>
  </ItemGroup>
</Project>