<?xml version="1.0" encoding="utf-8"?>
<Project ToolsVersion="4.0" xmlns="http://schemas.microsoft.com/developer/msbuild/2003">
  <ItemGroup>
    <Filter Include="Common">
      <UniqueIdentifier>{44ac4279-cbae-4330-a18d-daa38f9c7134}</UniqueIdentifier>
    </Filter>
    <Filter Include="PrecompiledHeaders">
      <UniqueIdentifier>{3ba684ab-4a7b-4758-8198-8db0a1c8e31d}</UniqueIdentifier>
    </Filter>
  </ItemGroup>
  <ItemGroup>
    <ClCompile Include="PrecompiledHeaders\Pch.cpp">
      <Filter>PrecompiledHeaders</Filter>
    </ClCompile>
  </ItemGroup>
  <ItemGroup>
    <ClInclude Include="PrecompiledHeaders\Pch.h">
      <Filter>PrecompiledHeaders</Filter>
    </ClInclude>
  </ItemGroup>
</Project>