
Microsoft Visual Studio Solution File, Format Version 12.00
# Visual Studio Version 17
VisualStudioVersion = 17.12.35707.178
MinimumVisualStudioVersion = 10.0.40219.1
Project("{2150E333-8FDC-42A3-9474-1A3956D46DE8}") = "src", "src", "{8AA6BBFF-2579-4DB2-AC19-FE2A72D94EF5}"
EndProject
Project("{2150E333-8FDC-42A3-9474-1A3956D46DE8}") = "tests", "tests", "{CCBC8A22-2247-4FA0-A49C-369A93517F13}"
EndProject
Project("{8BC9CEB8-8B4A-11D0-8D11-00A0C91BC942}") = "Server.Content", "src\Server.Content\Server.Content.vcxproj", "{E2D412D5-D239-4D17-AABF-A5EE6D76B846}"
	ProjectSection(ProjectDependencies) = postProject
		{172EE549-DEF1-4C50-9F9C-266DBACF5320} = {172EE549-DEF1-4C50-9F9C-266DBACF5320}
	EndProjectSection
EndProject
Project("{8BC9CEB8-8B4A-11D0-8D11-00A0C91BC942}") = "Server.CppCore", "src\Server.CppCore\Server.CppCore.vcxproj", "{172EE549-DEF1-4C50-9F9C-266DBACF5320}"
EndProject
Project("{8BC9CEB8-8B4A-11D0-8D11-00A0C91BC942}") = "Server.World", "src\Server.World\Server.World.vcxproj", "{A8F7F21A-60E5-4E93-B743-14F8744C0A4F}"
	ProjectSection(ProjectDependencies) = postProject
		{172EE549-DEF1-4C50-9F9C-266DBACF5320} = {172EE549-DEF1-4C50-9F9C-266DBACF5320}
		{E2D412D5-D239-4D17-AABF-A5EE6D76B846} = {E2D412D5-D239-4D17-AABF-A5EE6D76B846}
	EndProjectSection
EndProject
Global
	GlobalSection(SolutionConfigurationPlatforms) = preSolution
		Debug|x64 = Debug|x64
		Debug|x86 = Debug|x86
		Release|x64 = Release|x64
		Release|x86 = Release|x86
	EndGlobalSection
	GlobalSection(ProjectConfigurationPlatforms) = postSolution
		{E2D412D5-D239-4D17-AABF-A5EE6D76B846}.Debug|x64.ActiveCfg = Debug|x64
		{E2D412D5-D239-4D17-AABF-A5EE6D76B846}.Debug|x64.Build.0 = Debug|x64
		{E2D412D5-D239-4D17-AABF-A5EE6D76B846}.Debug|x86.ActiveCfg = Debug|Win32
		{E2D412D5-D239-4D17-AABF-A5EE6D76B846}.Debug|x86.Build.0 = Debug|Win32
		{E2D412D5-D239-4D17-AABF-A5EE6D76B846}.Release|x64.ActiveCfg = Release|x64
		{E2D412D5-D239-4D17-AABF-A5EE6D76B846}.Release|x64.Build.0 = Release|x64
		{E2D412D5-D239-4D17-AABF-A5EE6D76B846}.Release|x86.ActiveCfg = Release|Win32
		{E2D412D5-D239-4D17-AABF-A5EE6D76B846}.Release|x86.Build.0 = Release|Win32
		{172EE549-DEF1-4C50-9F9C-266DBACF5320}.Debug|x64.ActiveCfg = Debug|x64
		{172EE549-DEF1-4C50-9F9C-266DBACF5320}.Debug|x64.Build.0 = Debug|x64
		{172EE549-DEF1-4C50-9F9C-266DBACF5320}.Debug|x86.ActiveCfg = Debug|Win32
		{172EE549-DEF1-4C50-9F9C-266DBACF5320}.Debug|x86.Build.0 = Debug|Win32
		{172EE549-DEF1-4C50-9F9C-266DBACF5320}.Release|x64.ActiveCfg = Release|x64
		{172EE549-DEF1-4C50-9F9C-266DBACF5320}.Release|x64.Build.0 = Release|x64
		{172EE549-DEF1-4C50-9F9C-266DBACF5320}.Release|x86.ActiveCfg = Release|Win32
		{172EE549-DEF1-4C50-9F9C-266DBACF5320}.Release|x86.Build.0 = Release|Win32
		{A8F7F21A-60E5-4E93-B743-14F8744C0A4F}.Debug|x64.ActiveCfg = Debug|x64
		{A8F7F21A-60E5-4E93-B743-14F8744C0A4F}.Debug|x64.Build.0 = Debug|x64
		{A8F7F21A-60E5-4E93-B743-14F8744C0A4F}.Debug|x86.ActiveCfg = Debug|Win32
		{A8F7F21A-60E5-4E93-B743-14F8744C0A4F}.Debug|x86.Build.0 = Debug|Win32
		{A8F7F21A-60E5-4E93-B743-14F8744C0A4F}.Release|x64.ActiveCfg = Release|x64
		{A8F7F21A-60E5-4E93-B743-14F8744C0A4F}.Release|x64.Build.0 = Release|x64
		{A8F7F21A-60E5-4E93-B743-14F8744C0A4F}.Release|x86.ActiveCfg = Release|Win32
		{A8F7F21A-60E5-4E93-B743-14F8744C0A4F}.Release|x86.Build.0 = Release|Win32
	EndGlobalSection
	GlobalSection(SolutionProperties) = preSolution
		HideSolutionNode = FALSE
	EndGlobalSection
	GlobalSection(NestedProjects) = preSolution
		{E2D412D5-D239-4D17-AABF-A5EE6D76B846} = {8AA6BBFF-2579-4DB2-AC19-FE2A72D94EF5}
		{172EE549-DEF1-4C50-9F9C-266DBACF5320} = {8AA6BBFF-2579-4DB2-AC19-FE2A72D94EF5}
		{A8F7F21A-60E5-4E93-B743-14F8744C0A4F} = {8AA6BBFF-2579-4DB2-AC19-FE2A72D94EF5}
	EndGlobalSection
EndGlobal
