<?xml version="1.0" encoding="utf-8"?>
<Project ToolsVersion="4.0" xmlns="http://schemas.microsoft.com/developer/msbuild/2003">
  <ItemGroup>
    <Filter Include="Main">
      <UniqueIdentifier>{b0a3e39a-42ae-41e8-a415-30f038e5f241}</UniqueIdentifier>
    </Filter>
    <Filter Include="Core">
      <UniqueIdentifier>{c3e124a5-68b3-49d8-b10c-3b1317b0ce6e}</UniqueIdentifier>
    </Filter>
    <Filter Include="Content">
      <UniqueIdentifier>{6e01116f-17db-403b-b636-dd4a1c008eac}</UniqueIdentifier>
    </Filter>
  </ItemGroup>
</Project>