<?xml version="1.0" encoding="utf-8"?>
<Project ToolsVersion="4.0" xmlns="http://schemas.microsoft.com/developer/msbuild/2003">
  <ItemGroup>
    <Filter Include="Thread">
      <UniqueIdentifier>{6229cb51-5721-49eb-8a94-256e78887d31}</UniqueIdentifier>
    </Filter>
    <Filter Include="Concurrency">
      <UniqueIdentifier>{a9cc16cf-b859-4cb3-b2bc-da3bce7c75cc}</UniqueIdentifier>
    </Filter>
    <Filter Include="Global">
      <UniqueIdentifier>{44ac4279-cbae-4330-a18d-daa38f9c7134}</UniqueIdentifier>
    </Filter>
  </ItemGroup>
  <ItemGroup>
    <ClCompile Include="Global.Pch.cpp">
      <Filter>Global</Filter>
    </ClCompile>
    <ClCompile Include="Thread.TlsGuard.cpp">
      <Filter>Thread</Filter>
    </ClCompile>
    <ClCompile Include="Thread.Manager.cpp">
      <Filter>Thread</Filter>
    </ClCompile>
    <ClCompile Include="Concurrency.LockGuard.cpp">
      <Filter>Concurrency</Filter>
    </ClCompile>
    <ClCompile Include="Concurrency.LockHolder.cpp">
      <Filter>Concurrency</Filter>
    </ClCompile>
  </ItemGroup>
  <ItemGroup>
    <ClInclude Include="Global.Pch.h">
      <Filter>Global</Filter>
    </ClInclude>
    <ClInclude Include="Thread.TlsGuard.h">
      <Filter>Thread</Filter>
    </ClInclude>
    <ClInclude Include="Thread.Manager.h">
      <Filter>Thread</Filter>
    </ClInclude>
    <ClInclude Include="Concurrency.LockGuard.h">
      <Filter>Concurrency</Filter>
    </ClInclude>
    <ClInclude Include="Concurrency.LockHolder.h">
      <Filter>Concurrency</Filter>
    </ClInclude>
  </ItemGroup>
</Project>